<?xml version="1.0" encoding="UTF-8" standalone="yes" ?>
<CodeBlocks_project_file>
	<FileVersion major="1" minor="6" />
	<Project>
		<Option title="Generic Binary Heap Data Structure And Algorithms" />
		<Option pch_mode="2" />
		<Option compiler="gcc" />
		<Build>
			<Target title="Release">
				<Option output="lib/biheap" prefix_auto="1" extension_auto="1" />
				<Option working_dir="" />
				<Option object_output="obj/Release/" />
				<Option type="2" />
				<Option compiler="gcc" />
				<Option createDefFile="1" />
				<Compiler>
					<Add option="-O2" />
					<Add option="-Wall" />
					<Add option="-ansi" />
				</Compiler>
				<Linker>
					<Add option="-s" />
				</Linker>
			</Target>
		</Build>
		<Compiler>
			<Add option="-Wall" />
		</Compiler>
		<Unit filename="src/biheap.h" />
		<Unit filename="src/biheap_maxHeap_algorithms.c">
			<Option compilerVar="CC" />
		</Unit>
		<Unit filename="src/biheap_minHeap_algorithms.c">
			<Option compilerVar="CC" />
		</Unit>
		<Unit filename="src/biheap_sort_algorithms.c">
			<Option compilerVar="CC" />
		</Unit>
		<Unit filename="src/biheap_utility_functions.c">
			<Option compilerVar="CC" />
		</Unit>
		<Extensions>
			<code_completion />
			<debugger />
		</Extensions>
	</Project>
</CodeBlocks_project_file>
